
Microsoft Visual Studio Solution File, Format Version 12.00
# Visual Studio 15
VisualStudioVersion = 15.0.28307.106
MinimumVisualStudioVersion = 10.0.40219.1
Project("{2150E333-8FDC-42A3-9474-1A3956D46DE8}") = "BuildingBlocks", "BuildingBlocks", "{A1378A19-23E9-4507-9350-59C7BCA852AD}"
EndProject
Project("{9A19103F-16F7-4668-BE54-9A1E7A4F7556}") = "EventBus", "BuildingBlocks\EventBus\EventBus.csproj", "{2C0C656F-BAF7-40F6-84EB-C0E87F9F50E6}"
EndProject
Project("{9A19103F-16F7-4668-BE54-9A1E7A4F7556}") = "EventBusRabbitMQ", "BuildingBlocks\EventBusRabbitMQ\EventBusRabbitMQ.csproj", "{244635C1-3843-47AA-9EDA-603B47EB1BBB}"
	ProjectSection(ProjectDependencies) = postProject
		{2C0C656F-BAF7-40F6-84EB-C0E87F9F50E6} = {2C0C656F-BAF7-40F6-84EB-C0E87F9F50E6}
	EndProjectSection
EndProject
Project("{2150E333-8FDC-42A3-9474-1A3956D46DE8}") = "Services", "Services", "{2C7F5A00-76A1-4BB9-92CC-11D21221D242}"
EndProject
Project("{2150E333-8FDC-42A3-9474-1A3956D46DE8}") = "Store", "Store", "{D75ACC0D-FF7D-4ACB-9788-5FC471909B55}"
EndProject
Project("{9A19103F-16F7-4668-BE54-9A1E7A4F7556}") = "Store.API", "Services\Store\Store.API\Store.API.csproj", "{C7996445-2178-4F88-A3B1-9E32216B4003}"
EndProject
Project("{9A19103F-16F7-4668-BE54-9A1E7A4F7556}") = "Store.UnitTests", "Services\Store\Store.UnitTests\Store.UnitTests.csproj", "{8141E6A2-0229-4308-84B9-0AAF51EBB792}"
EndProject
Project("{2150E333-8FDC-42A3-9474-1A3956D46DE8}") = "Web", "Web", "{F8212D74-FFEA-4FBF-BE23-683F660947E5}"
EndProject
Project("{2150E333-8FDC-42A3-9474-1A3956D46DE8}") = "Customer", "Customer", "{6599D390-ACE7-40E9-9D88-D0459562DCDD}"
EndProject
Project("{9A19103F-16F7-4668-BE54-9A1E7A4F7556}") = "Customer.API", "Services\Customer\Customer.API\Customer.API.csproj", "{D244D935-86C1-429B-B08E-9D6BFADD059D}"
EndProject
Project("{9A19103F-16F7-4668-BE54-9A1E7A4F7556}") = "Customer.UnitTests", "Services\Customer\Customer.UnitTests\Customer.UnitTests.csproj", "{0894D328-6D7F-4A63-A210-09DD4DA15158}"
EndProject
Project("{2150E333-8FDC-42A3-9474-1A3956D46DE8}") = "Identity", "Identity", "{602DB2AF-94A6-4DAD-853F-49662C783E7B}"
EndProject
Project("{9A19103F-16F7-4668-BE54-9A1E7A4F7556}") = "Identity.API", "Services\Identity\Identity.API\Identity.API.csproj", "{2BE00097-EF66-4D98-A253-261EA525D60C}"
EndProject
Project("{E53339B2-1760-4266-BCC7-CA923CBCF16C}") = "docker-compose", "docker-compose.dcproj", "{D4BCCB25-3C17-4C05-B9FB-2226209B833E}"
EndProject
Project("{9A19103F-16F7-4668-BE54-9A1E7A4F7556}") = "EventBusAzure", "BuildingBlocks\EventBusAzure\EventBusAzure.csproj", "{3D264D73-5489-4A72-9639-4B763F6790BB}"
EndProject
Project("{2150E333-8FDC-42A3-9474-1A3956D46DE8}") = "ApiGateway", "ApiGateway", "{CA99DCF7-0031-4AF7-B676-34A8A748A54B}"
EndProject
Project("{9A19103F-16F7-4668-BE54-9A1E7A4F7556}") = "OcelotApiGw", "ApiGateway\OcelotApiGw\OcelotApiGw.csproj", "{321A7B34-62DD-4082-8F52-BA8CA5400599}"
EndProject
Project("{9A19103F-16F7-4668-BE54-9A1E7A4F7556}") = "WebMVC", "Web\WebMVC\WebMVC.csproj", "{4E97581D-36D1-4CD4-BA35-E34ADE851F64}"
EndProject
Global
	GlobalSection(SolutionConfigurationPlatforms) = preSolution
		Debug|Any CPU = Debug|Any CPU
		Release|Any CPU = Release|Any CPU
	EndGlobalSection
	GlobalSection(ProjectConfigurationPlatforms) = postSolution
		{2C0C656F-BAF7-40F6-84EB-C0E87F9F50E6}.Debug|Any CPU.ActiveCfg = Debug|Any CPU
		{2C0C656F-BAF7-40F6-84EB-C0E87F9F50E6}.Debug|Any CPU.Build.0 = Debug|Any CPU
		{2C0C656F-BAF7-40F6-84EB-C0E87F9F50E6}.Release|Any CPU.ActiveCfg = Release|Any CPU
		{2C0C656F-BAF7-40F6-84EB-C0E87F9F50E6}.Release|Any CPU.Build.0 = Release|Any CPU
		{244635C1-3843-47AA-9EDA-603B47EB1BBB}.Debug|Any CPU.ActiveCfg = Debug|Any CPU
		{244635C1-3843-47AA-9EDA-603B47EB1BBB}.Debug|Any CPU.Build.0 = Debug|Any CPU
		{244635C1-3843-47AA-9EDA-603B47EB1BBB}.Release|Any CPU.ActiveCfg = Release|Any CPU
		{244635C1-3843-47AA-9EDA-603B47EB1BBB}.Release|Any CPU.Build.0 = Release|Any CPU
		{C7996445-2178-4F88-A3B1-9E32216B4003}.Debug|Any CPU.ActiveCfg = Debug|Any CPU
		{C7996445-2178-4F88-A3B1-9E32216B4003}.Debug|Any CPU.Build.0 = Debug|Any CPU
		{C7996445-2178-4F88-A3B1-9E32216B4003}.Release|Any CPU.ActiveCfg = Release|Any CPU
		{C7996445-2178-4F88-A3B1-9E32216B4003}.Release|Any CPU.Build.0 = Release|Any CPU
		{8141E6A2-0229-4308-84B9-0AAF51EBB792}.Debug|Any CPU.ActiveCfg = Debug|Any CPU
		{8141E6A2-0229-4308-84B9-0AAF51EBB792}.Debug|Any CPU.Build.0 = Debug|Any CPU
		{8141E6A2-0229-4308-84B9-0AAF51EBB792}.Release|Any CPU.ActiveCfg = Release|Any CPU
		{8141E6A2-0229-4308-84B9-0AAF51EBB792}.Release|Any CPU.Build.0 = Release|Any CPU
		{D244D935-86C1-429B-B08E-9D6BFADD059D}.Debug|Any CPU.ActiveCfg = Debug|Any CPU
		{D244D935-86C1-429B-B08E-9D6BFADD059D}.Debug|Any CPU.Build.0 = Debug|Any CPU
		{D244D935-86C1-429B-B08E-9D6BFADD059D}.Release|Any CPU.ActiveCfg = Release|Any CPU
		{D244D935-86C1-429B-B08E-9D6BFADD059D}.Release|Any CPU.Build.0 = Release|Any CPU
		{0894D328-6D7F-4A63-A210-09DD4DA15158}.Debug|Any CPU.ActiveCfg = Debug|Any CPU
		{0894D328-6D7F-4A63-A210-09DD4DA15158}.Debug|Any CPU.Build.0 = Debug|Any CPU
		{0894D328-6D7F-4A63-A210-09DD4DA15158}.Release|Any CPU.ActiveCfg = Release|Any CPU
		{0894D328-6D7F-4A63-A210-09DD4DA15158}.Release|Any CPU.Build.0 = Release|Any CPU
		{2BE00097-EF66-4D98-A253-261EA525D60C}.Debug|Any CPU.ActiveCfg = Debug|Any CPU
		{2BE00097-EF66-4D98-A253-261EA525D60C}.Debug|Any CPU.Build.0 = Debug|Any CPU
		{2BE00097-EF66-4D98-A253-261EA525D60C}.Release|Any CPU.ActiveCfg = Release|Any CPU
		{2BE00097-EF66-4D98-A253-261EA525D60C}.Release|Any CPU.Build.0 = Release|Any CPU
		{D4BCCB25-3C17-4C05-B9FB-2226209B833E}.Debug|Any CPU.ActiveCfg = Debug|Any CPU
		{D4BCCB25-3C17-4C05-B9FB-2226209B833E}.Debug|Any CPU.Build.0 = Debug|Any CPU
		{D4BCCB25-3C17-4C05-B9FB-2226209B833E}.Release|Any CPU.ActiveCfg = Release|Any CPU
		{D4BCCB25-3C17-4C05-B9FB-2226209B833E}.Release|Any CPU.Build.0 = Release|Any CPU
		{3D264D73-5489-4A72-9639-4B763F6790BB}.Debug|Any CPU.ActiveCfg = Debug|Any CPU
		{3D264D73-5489-4A72-9639-4B763F6790BB}.Debug|Any CPU.Build.0 = Debug|Any CPU
		{3D264D73-5489-4A72-9639-4B763F6790BB}.Release|Any CPU.ActiveCfg = Release|Any CPU
		{3D264D73-5489-4A72-9639-4B763F6790BB}.Release|Any CPU.Build.0 = Release|Any CPU
		{321A7B34-62DD-4082-8F52-BA8CA5400599}.Debug|Any CPU.ActiveCfg = Debug|Any CPU
		{321A7B34-62DD-4082-8F52-BA8CA5400599}.Debug|Any CPU.Build.0 = Debug|Any CPU
		{321A7B34-62DD-4082-8F52-BA8CA5400599}.Release|Any CPU.ActiveCfg = Release|Any CPU
		{321A7B34-62DD-4082-8F52-BA8CA5400599}.Release|Any CPU.Build.0 = Release|Any CPU
		{4E97581D-36D1-4CD4-BA35-E34ADE851F64}.Debug|Any CPU.ActiveCfg = Debug|Any CPU
		{4E97581D-36D1-4CD4-BA35-E34ADE851F64}.Debug|Any CPU.Build.0 = Debug|Any CPU
		{4E97581D-36D1-4CD4-BA35-E34ADE851F64}.Release|Any CPU.ActiveCfg = Release|Any CPU
		{4E97581D-36D1-4CD4-BA35-E34ADE851F64}.Release|Any CPU.Build.0 = Release|Any CPU
	EndGlobalSection
	GlobalSection(SolutionProperties) = preSolution
		HideSolutionNode = FALSE
	EndGlobalSection
	GlobalSection(NestedProjects) = preSolution
		{2C0C656F-BAF7-40F6-84EB-C0E87F9F50E6} = {A1378A19-23E9-4507-9350-59C7BCA852AD}
		{244635C1-3843-47AA-9EDA-603B47EB1BBB} = {A1378A19-23E9-4507-9350-59C7BCA852AD}
		{D75ACC0D-FF7D-4ACB-9788-5FC471909B55} = {2C7F5A00-76A1-4BB9-92CC-11D21221D242}
		{C7996445-2178-4F88-A3B1-9E32216B4003} = {D75ACC0D-FF7D-4ACB-9788-5FC471909B55}
		{8141E6A2-0229-4308-84B9-0AAF51EBB792} = {D75ACC0D-FF7D-4ACB-9788-5FC471909B55}
		{6599D390-ACE7-40E9-9D88-D0459562DCDD} = {2C7F5A00-76A1-4BB9-92CC-11D21221D242}
		{D244D935-86C1-429B-B08E-9D6BFADD059D} = {6599D390-ACE7-40E9-9D88-D0459562DCDD}
		{0894D328-6D7F-4A63-A210-09DD4DA15158} = {6599D390-ACE7-40E9-9D88-D0459562DCDD}
		{602DB2AF-94A6-4DAD-853F-49662C783E7B} = {2C7F5A00-76A1-4BB9-92CC-11D21221D242}
		{2BE00097-EF66-4D98-A253-261EA525D60C} = {602DB2AF-94A6-4DAD-853F-49662C783E7B}
		{3D264D73-5489-4A72-9639-4B763F6790BB} = {A1378A19-23E9-4507-9350-59C7BCA852AD}
		{321A7B34-62DD-4082-8F52-BA8CA5400599} = {CA99DCF7-0031-4AF7-B676-34A8A748A54B}
		{4E97581D-36D1-4CD4-BA35-E34ADE851F64} = {F8212D74-FFEA-4FBF-BE23-683F660947E5}
	EndGlobalSection
	GlobalSection(ExtensibilityGlobals) = postSolution
		SolutionGuid = {6B9C23FC-A823-4BBD-9B45-B3E4FF91B706}
	EndGlobalSection
EndGlobal
